Microsoft Visual Studio Solution File, Format Version 12.00
# Visual Studio Version 17
VisualStudioVersion = 17.14.36429.23
MinimumVisualStudioVersion = 10.0.40219.1
Project("{FAE04EC0-301F-11D3-BF4B-00C04F79EFBC}") = "Atf.Gui.WinForms", "Atf.Gui.WinForms\Atf.Gui.WinForms.csproj", "{DFD2E69D-503D-4A4C-A428-CEF16EE8800B}"
EndProject
Project("{FAE04EC0-301F-11D3-BF4B-00C04F79EFBC}") = "Firaxis.AssetEditing", "Firaxis.AssetEditing\Firaxis.AssetEditing.csproj", "{2D8B7B33-4D41-4BA2-B70E-158581B14AC6}"
EndProject
Project("{FAE04EC0-301F-11D3-BF4B-00C04F79EFBC}") = "Atf.Gui.Wpf", "Atf.Gui.Wpf\Atf.Gui.Wpf.csproj", "{A6FAA35E-6CCE-47B8-8623-229E1E0BE3F7}"
EndProject
Project("{FAE04EC0-301F-11D3-BF4B-00C04F79EFBC}") = "Atf.Gui", "Atf.Gui\Atf.Gui.csproj", "{3E642874-6530-4FE2-804C-AC3AF969E20A}"
EndProject
Project("{FAE04EC0-301F-11D3-BF4B-00C04F79EFBC}") = "Atf.Core", "Atf.Core\Atf.Core.csproj", "{801536C3-E15F-4250-B112-FB1A69FA2BD3}"
EndProject
Project("{FAE04EC0-301F-11D3-BF4B-00C04F79EFBC}") = "SipHash.Net", "SipHash.Net\SipHash.Net.csproj", "{3D762BAA-2C39-4FB1-BDB9-A2D491EE2CAC}"
EndProject
Project("{FAE04EC0-301F-11D3-BF4B-00C04F79EFBC}") = "Firaxis.CivTech", "Firaxis.CivTech\Firaxis.CivTech.csproj", "{A8F08C99-83A6-468A-8407-5BC73A8E6A4F}"
EndProject
Project("{FAE04EC0-301F-11D3-BF4B-00C04F79EFBC}") = "Firaxis.Utility", "Firaxis.Utility\Firaxis.Utility.csproj", "{494A11D3-E164-4009-9EC8-AAB0823DDB44}"
EndProject
Project("{FAE04EC0-301F-11D3-BF4B-00C04F79EFBC}") = "UtilityTools", "UtilityTools\UtilityTools.csproj", "{DF566FD6-2120-41EB-98DD-2D014F6503AF}"
EndProject
Project("{FAE04EC0-301F-11D3-BF4B-00C04F79EFBC}") = "Firaxis.MVVMBase", "Firaxis.MVVMBase\Firaxis.MVVMBase.csproj", "{728BD787-7CDE-4323-B37A-F16210437ECD}"
EndProject
Project("{FAE04EC0-301F-11D3-BF4B-00C04F79EFBC}") = "Firaxis.AssetBrowser", "Firaxis.AssetBrowser\Firaxis.AssetBrowser.csproj", "{9C0A05A7-CBBB-45BB-90C7-A501E4F69F98}"
EndProject
Project("{FAE04EC0-301F-11D3-BF4B-00C04F79EFBC}") = "Firaxis.Controls", "Firaxis.Controls\Firaxis.Controls.csproj", "{5AE7AD83-DF2D-41D8-B484-C45789338642}"
EndProject
Project("{FAE04EC0-301F-11D3-BF4B-00C04F79EFBC}") = "Firaxis.TypeGeneration", "Firaxis.TypeGeneration\Firaxis.TypeGeneration.csproj", "{8119CB5C-332A-4863-90DD-817F31EF8E1B}"
EndProject
Project("{FAE04EC0-301F-11D3-BF4B-00C04F79EFBC}") = "Firaxis.Threading", "Firaxis.Threading\Firaxis.Threading.csproj", "{DDCB70DC-25EC-4FC0-BB61-4298DAC1C41F}"
EndProject
Project("{FAE04EC0-301F-11D3-BF4B-00C04F79EFBC}") = "Firaxis.PhotoshopInterface", "Firaxis.PhotoshopInterface\Firaxis.PhotoshopInterface.csproj", "{3FC6966F-056D-4971-96EC-CD0D61B83169}"
EndProject
Project("{FAE04EC0-301F-11D3-BF4B-00C04F79EFBC}") = "Firaxis.Net", "Firaxis.Net\Firaxis.Net.csproj", "{CF692C4A-4944-42A6-9030-648591A6F4F8}"
EndProject
Project("{FAE04EC0-301F-11D3-BF4B-00C04F79EFBC}") = "Firaxis.MayaInterface", "Firaxis.MayaInterface\Firaxis.MayaInterface.csproj", "{4198941E-9925-4CBA-9329-F5817EC8FE42}"
EndProject
Project("{FAE04EC0-301F-11D3-BF4B-00C04F79EFBC}") = "Firaxis.ContentExporters", "Firaxis.ContentExporters\Firaxis.ContentExporters.csproj", "{B557F308-21E5-4D5C-B4C2-985BA31C0D25}"
EndProject
Project("{FAE04EC0-301F-11D3-BF4B-00C04F79EFBC}") = "Firaxis.VersionControl", "Firaxis.VersionControl\Firaxis.VersionControl.csproj", "{8F368E13-7E80-4876-8B1F-45A2A21F37B4}"
EndProject
Project("{FAE04EC0-301F-11D3-BF4B-00C04F79EFBC}") = "Firaxis.Validation", "Firaxis.Validation\Firaxis.Validation.csproj", "{7C0493EC-C818-4A3F-B156-9CE54A859300}"
EndProject
Project("{FAE04EC0-301F-11D3-BF4B-00C04F79EFBC}") = "Firaxis.IO", "Firaxis.IO\Firaxis.IO.csproj", "{E5DA5952-4A12-4221-B302-3C83571DA0CE}"
EndProject
Project("{FAE04EC0-301F-11D3-BF4B-00C04F79EFBC}") = "Firaxis.Granny", "Firaxis.Granny\Firaxis.Granny.csproj", "{6E728D19-2837-49A6-945B-5D2004F39060}"
EndProject
Project("{FAE04EC0-301F-11D3-BF4B-00C04F79EFBC}") = "Firaxis.Collections", "Firaxis.Collections\Firaxis.Collections.csproj", "{70C0500B-9BEE-41D4-BAE6-9FE3147C8879}"
EndProject
Project("{FAE04EC0-301F-11D3-BF4B-00C04F79EFBC}") = "Firaxis.Asset", "Firaxis.Asset\Firaxis.Asset.csproj", "{8D26398B-6849-42C5-ABD5-163B04016063}"
EndProject
Project("{FAE04EC0-301F-11D3-BF4B-00C04F79EFBC}") = "ScintillaNET", "ScintillaNET\ScintillaNET.csproj", "{11CF3F5E-A9A8-400E-841A-12EF350AC1FF}"
EndProject
Project("{FAE04EC0-301F-11D3-BF4B-00C04F79EFBC}") = "Firaxis.Wig", "Firaxis.Wig\Firaxis.Wig.csproj", "{BE015BB4-02E6-4984-A2A2-4133256568EE}"
EndProject
Project("{FAE04EC0-301F-11D3-BF4B-00C04F79EFBC}") = "Firaxis.AssetPreviewing", "Firaxis.AssetPreviewing\Firaxis.AssetPreviewing.csproj", "{30584610-1819-400A-BD1D-AD8F2335B858}"
EndProject
Project("{FAE04EC0-301F-11D3-BF4B-00C04F79EFBC}") = "AssetEditor", "AssetEditor\AssetEditor.csproj", "{66B8FDA8-F578-4CF1-BF13-397A663D736A}"
EndProject
Project("{FAE04EC0-301F-11D3-BF4B-00C04F79EFBC}") = "Firaxis.ATF", "Firaxis.ATF\Firaxis.ATF.csproj", "{B4344199-8E16-4DCA-89CE-17CF3E412780}"
EndProject
Project("{FAE04EC0-301F-11D3-BF4B-00C04F79EFBC}") = "Bespoke.Common", "Bespoke.Common\Bespoke.Common.csproj", "{9F539461-5C32-47C7-8C44-D81EFD40C82A}"
EndProject
Project("{FAE04EC0-301F-11D3-BF4B-00C04F79EFBC}") = "DatabaseWrapper", "DatabaseWrapper\DatabaseWrapper.csproj", "{565B58C8-51EA-4761-AC78-5097F76978B8}"
EndProject
Project("{FAE04EC0-301F-11D3-BF4B-00C04F79EFBC}") = "Bespoke.Common.Osc", "Bespoke.Common.Osc\Bespoke.Common.Osc.csproj", "{8DB1E7DB-2FD4-4E76-93F1-40711AFE7824}"
EndProject
Project("{FAE04EC0-301F-11D3-BF4B-00C04F79EFBC}") = "Firaxis.Theme", "Firaxis.Theme\Firaxis.Theme.csproj", "{29FFF793-977A-4B92-ABDA-D2F6BC485B4C}"
EndProject
Project("{FAE04EC0-301F-11D3-BF4B-00C04F79EFBC}") = "Firaxis.Reflection", "Firaxis.Reflection\Firaxis.Reflection.csproj", "{A54B3B79-8905-45F4-89FF-665F7AC7F065}"
EndProject
Project("{FAE04EC0-301F-11D3-BF4B-00C04F79EFBC}") = "Firaxis.MaxInterface", "Firaxis.MaxInterface\Firaxis.MaxInterface.csproj", "{2B7BADB4-0F9F-4321-BF8E-898DABE8A4CC}"
EndProject
Project("{FAE04EC0-301F-11D3-BF4B-00C04F79EFBC}") = "Firaxis.MathEx", "Firaxis.MathEx\Firaxis.MathEx.csproj", "{910C7F0C-4E73-417A-9C30-F16DAE19C08E}"
EndProject
Project("{FAE04EC0-301F-11D3-BF4B-00C04F79EFBC}") = "Firaxis.Error", "Firaxis.Error\Firaxis.Error.csproj", "{7B4857E5-AD90-43AE-A17C-B9D547FF7011}"
EndProject
Project("{FAE04EC0-301F-11D3-BF4B-00C04F79EFBC}") = "Firaxis.AssetCloudFramework", "Firaxis.AssetCloudFramework\Firaxis.AssetCloudFramework.csproj", "{9ABF8E96-2E3F-4EEE-A784-975E81FDAF8A}"
EndProject
Project("{FAE04EC0-301F-11D3-BF4B-00C04F79EFBC}") = "Atf.IronPython", "Atf.IronPython\Atf.IronPython.csproj", "{7106F3DC-DDED-4D12-ADDE-24B0C5F2D3F0}"
EndProject
Project("{FAE04EC0-301F-11D3-BF4B-00C04F79EFBC}") = "WeifenLuo.WinFormsUI.Docking", "WeifenLuo.WinFormsUI.Docking\WeifenLuo.WinFormsUI.Docking.csproj", "{F8AFFE5C-F4F7-A925-5C3E-CC2B0DD1DB9D}"
EndProject
Global
	GlobalSection(SolutionConfigurationPlatforms) = preSolution
		Debug|AnyCPU = Debug|AnyCPU
		Debug|x64 = Debug|x64
		Release|AnyCPU = Release|AnyCPU
		Release|x64 = Release|x64
	EndGlobalSection
	GlobalSection(ProjectConfigurationPlatforms) = postSolution
		{DFD2E69D-503D-4A4C-A428-CEF16EE8800B}.Debug|AnyCPU.ActiveCfg = Debug|x64
		{DFD2E69D-503D-4A4C-A428-CEF16EE8800B}.Debug|AnyCPU.Build.0 = Debug|x64
		{DFD2E69D-503D-4A4C-A428-CEF16EE8800B}.Debug|x64.ActiveCfg = Debug|x64
		{DFD2E69D-503D-4A4C-A428-CEF16EE8800B}.Debug|x64.Build.0 = Debug|x64
		{DFD2E69D-503D-4A4C-A428-CEF16EE8800B}.Release|AnyCPU.ActiveCfg = Release|x64
		{DFD2E69D-503D-4A4C-A428-CEF16EE8800B}.Release|AnyCPU.Build.0 = Release|x64
		{DFD2E69D-503D-4A4C-A428-CEF16EE8800B}.Release|x64.ActiveCfg = Release|x64
		{DFD2E69D-503D-4A4C-A428-CEF16EE8800B}.Release|x64.Build.0 = Release|x64
		{2D8B7B33-4D41-4BA2-B70E-158581B14AC6}.Debug|AnyCPU.ActiveCfg = Debug|x64
		{2D8B7B33-4D41-4BA2-B70E-158581B14AC6}.Debug|AnyCPU.Build.0 = Debug|x64
		{2D8B7B33-4D41-4BA2-B70E-158581B14AC6}.Debug|x64.ActiveCfg = Debug|x64
		{2D8B7B33-4D41-4BA2-B70E-158581B14AC6}.Debug|x64.Build.0 = Debug|x64
		{2D8B7B33-4D41-4BA2-B70E-158581B14AC6}.Release|AnyCPU.ActiveCfg = Release|x64
		{2D8B7B33-4D41-4BA2-B70E-158581B14AC6}.Release|AnyCPU.Build.0 = Release|x64
		{2D8B7B33-4D41-4BA2-B70E-158581B14AC6}.Release|x64.ActiveCfg = Release|x64
		{2D8B7B33-4D41-4BA2-B70E-158581B14AC6}.Release|x64.Build.0 = Release|x64
		{A6FAA35E-6CCE-47B8-8623-229E1E0BE3F7}.Debug|AnyCPU.ActiveCfg = Debug|x64
		{A6FAA35E-6CCE-47B8-8623-229E1E0BE3F7}.Debug|AnyCPU.Build.0 = Debug|x64
		{A6FAA35E-6CCE-47B8-8623-229E1E0BE3F7}.Debug|x64.ActiveCfg = Debug|x64
		{A6FAA35E-6CCE-47B8-8623-229E1E0BE3F7}.Debug|x64.Build.0 = Debug|x64
		{A6FAA35E-6CCE-47B8-8623-229E1E0BE3F7}.Release|AnyCPU.ActiveCfg = Release|x64
		{A6FAA35E-6CCE-47B8-8623-229E1E0BE3F7}.Release|AnyCPU.Build.0 = Release|x64
		{A6FAA35E-6CCE-47B8-8623-229E1E0BE3F7}.Release|x64.ActiveCfg = Release|x64
		{A6FAA35E-6CCE-47B8-8623-229E1E0BE3F7}.Release|x64.Build.0 = Release|x64
		{3E642874-6530-4FE2-804C-AC3AF969E20A}.Debug|AnyCPU.ActiveCfg = Debug|x64
		{3E642874-6530-4FE2-804C-AC3AF969E20A}.Debug|AnyCPU.Build.0 = Debug|x64
		{3E642874-6530-4FE2-804C-AC3AF969E20A}.Debug|x64.ActiveCfg = Debug|x64
		{3E642874-6530-4FE2-804C-AC3AF969E20A}.Debug|x64.Build.0 = Debug|x64
		{3E642874-6530-4FE2-804C-AC3AF969E20A}.Release|AnyCPU.ActiveCfg = Release|x64
		{3E642874-6530-4FE2-804C-AC3AF969E20A}.Release|AnyCPU.Build.0 = Release|x64
		{3E642874-6530-4FE2-804C-AC3AF969E20A}.Release|x64.ActiveCfg = Release|x64
		{3E642874-6530-4FE2-804C-AC3AF969E20A}.Release|x64.Build.0 = Release|x64
		{801536C3-E15F-4250-B112-FB1A69FA2BD3}.Debug|AnyCPU.ActiveCfg = Debug|x64
		{801536C3-E15F-4250-B112-FB1A69FA2BD3}.Debug|AnyCPU.Build.0 = Debug|x64
		{801536C3-E15F-4250-B112-FB1A69FA2BD3}.Debug|x64.ActiveCfg = Debug|x64
		{801536C3-E15F-4250-B112-FB1A69FA2BD3}.Debug|x64.Build.0 = Debug|x64
		{801536C3-E15F-4250-B112-FB1A69FA2BD3}.Release|AnyCPU.ActiveCfg = Release|x64
		{801536C3-E15F-4250-B112-FB1A69FA2BD3}.Release|AnyCPU.Build.0 = Release|x64
		{801536C3-E15F-4250-B112-FB1A69FA2BD3}.Release|x64.ActiveCfg = Release|x64
		{801536C3-E15F-4250-B112-FB1A69FA2BD3}.Release|x64.Build.0 = Release|x64
		{3D762BAA-2C39-4FB1-BDB9-A2D491EE2CAC}.Debug|AnyCPU.ActiveCfg = Debug|x64
		{3D762BAA-2C39-4FB1-BDB9-A2D491EE2CAC}.Debug|AnyCPU.Build.0 = Debug|x64
		{3D762BAA-2C39-4FB1-BDB9-A2D491EE2CAC}.Debug|x64.ActiveCfg = Debug|x64
		{3D762BAA-2C39-4FB1-BDB9-A2D491EE2CAC}.Debug|x64.Build.0 = Debug|x64
		{3D762BAA-2C39-4FB1-BDB9-A2D491EE2CAC}.Release|AnyCPU.ActiveCfg = Release|x64
		{3D762BAA-2C39-4FB1-BDB9-A2D491EE2CAC}.Release|AnyCPU.Build.0 = Release|x64
		{3D762BAA-2C39-4FB1-BDB9-A2D491EE2CAC}.Release|x64.ActiveCfg = Release|x64
		{3D762BAA-2C39-4FB1-BDB9-A2D491EE2CAC}.Release|x64.Build.0 = Release|x64
		{A8F08C99-83A6-468A-8407-5BC73A8E6A4F}.Debug|AnyCPU.ActiveCfg = Debug|x64
		{A8F08C99-83A6-468A-8407-5BC73A8E6A4F}.Debug|AnyCPU.Build.0 = Debug|x64
		{A8F08C99-83A6-468A-8407-5BC73A8E6A4F}.Debug|x64.ActiveCfg = Debug|x64
		{A8F08C99-83A6-468A-8407-5BC73A8E6A4F}.Debug|x64.Build.0 = Debug|x64
		{A8F08C99-83A6-468A-8407-5BC73A8E6A4F}.Release|AnyCPU.ActiveCfg = Release|x64
		{A8F08C99-83A6-468A-8407-5BC73A8E6A4F}.Release|AnyCPU.Build.0 = Release|x64
		{A8F08C99-83A6-468A-8407-5BC73A8E6A4F}.Release|x64.ActiveCfg = Release|x64
		{A8F08C99-83A6-468A-8407-5BC73A8E6A4F}.Release|x64.Build.0 = Release|x64
		{494A11D3-E164-4009-9EC8-AAB0823DDB44}.Debug|AnyCPU.ActiveCfg = Debug|x64
		{494A11D3-E164-4009-9EC8-AAB0823DDB44}.Debug|AnyCPU.Build.0 = Debug|x64
		{494A11D3-E164-4009-9EC8-AAB0823DDB44}.Debug|x64.ActiveCfg = Debug|x64
		{494A11D3-E164-4009-9EC8-AAB0823DDB44}.Debug|x64.Build.0 = Debug|x64
		{494A11D3-E164-4009-9EC8-AAB0823DDB44}.Release|AnyCPU.ActiveCfg = Release|x64
		{494A11D3-E164-4009-9EC8-AAB0823DDB44}.Release|AnyCPU.Build.0 = Release|x64
		{494A11D3-E164-4009-9EC8-AAB0823DDB44}.Release|x64.ActiveCfg = Release|x64
		{494A11D3-E164-4009-9EC8-AAB0823DDB44}.Release|x64.Build.0 = Release|x64
		{DF566FD6-2120-41EB-98DD-2D014F6503AF}.Debug|AnyCPU.ActiveCfg = Debug|x64
		{DF566FD6-2120-41EB-98DD-2D014F6503AF}.Debug|AnyCPU.Build.0 = Debug|x64
		{DF566FD6-2120-41EB-98DD-2D014F6503AF}.Debug|x64.ActiveCfg = Debug|x64
		{DF566FD6-2120-41EB-98DD-2D014F6503AF}.Debug|x64.Build.0 = Debug|x64
		{DF566FD6-2120-41EB-98DD-2D014F6503AF}.Release|AnyCPU.ActiveCfg = Release|x64
		{DF566FD6-2120-41EB-98DD-2D014F6503AF}.Release|AnyCPU.Build.0 = Release|x64
		{DF566FD6-2120-41EB-98DD-2D014F6503AF}.Release|x64.ActiveCfg = Release|x64
		{DF566FD6-2120-41EB-98DD-2D014F6503AF}.Release|x64.Build.0 = Release|x64
		{728BD787-7CDE-4323-B37A-F16210437ECD}.Debug|AnyCPU.ActiveCfg = Debug|x64
		{728BD787-7CDE-4323-B37A-F16210437ECD}.Debug|AnyCPU.Build.0 = Debug|x64
		{728BD787-7CDE-4323-B37A-F16210437ECD}.Debug|x64.ActiveCfg = Debug|x64
		{728BD787-7CDE-4323-B37A-F16210437ECD}.Debug|x64.Build.0 = Debug|x64
		{728BD787-7CDE-4323-B37A-F16210437ECD}.Release|AnyCPU.ActiveCfg = Release|x64
		{728BD787-7CDE-4323-B37A-F16210437ECD}.Release|AnyCPU.Build.0 = Release|x64
		{728BD787-7CDE-4323-B37A-F16210437ECD}.Release|x64.ActiveCfg = Release|x64
		{728BD787-7CDE-4323-B37A-F16210437ECD}.Release|x64.Build.0 = Release|x64
		{9C0A05A7-CBBB-45BB-90C7-A501E4F69F98}.Debug|AnyCPU.ActiveCfg = Debug|x64
		{9C0A05A7-CBBB-45BB-90C7-A501E4F69F98}.Debug|AnyCPU.Build.0 = Debug|x64
		{9C0A05A7-CBBB-45BB-90C7-A501E4F69F98}.Debug|x64.ActiveCfg = Debug|x64
		{9C0A05A7-CBBB-45BB-90C7-A501E4F69F98}.Debug|x64.Build.0 = Debug|x64
		{9C0A05A7-CBBB-45BB-90C7-A501E4F69F98}.Release|AnyCPU.ActiveCfg = Release|x64
		{9C0A05A7-CBBB-45BB-90C7-A501E4F69F98}.Release|AnyCPU.Build.0 = Release|x64
		{9C0A05A7-CBBB-45BB-90C7-A501E4F69F98}.Release|x64.ActiveCfg = Release|x64
		{9C0A05A7-CBBB-45BB-90C7-A501E4F69F98}.Release|x64.Build.0 = Release|x64
		{5AE7AD83-DF2D-41D8-B484-C45789338642}.Debug|AnyCPU.ActiveCfg = Debug|x64
		{5AE7AD83-DF2D-41D8-B484-C45789338642}.Debug|AnyCPU.Build.0 = Debug|x64
		{5AE7AD83-DF2D-41D8-B484-C45789338642}.Debug|x64.ActiveCfg = Debug|x64
		{5AE7AD83-DF2D-41D8-B484-C45789338642}.Debug|x64.Build.0 = Debug|x64
		{5AE7AD83-DF2D-41D8-B484-C45789338642}.Release|AnyCPU.ActiveCfg = Release|x64
		{5AE7AD83-DF2D-41D8-B484-C45789338642}.Release|AnyCPU.Build.0 = Release|x64
		{5AE7AD83-DF2D-41D8-B484-C45789338642}.Release|x64.ActiveCfg = Release|x64
		{5AE7AD83-DF2D-41D8-B484-C45789338642}.Release|x64.Build.0 = Release|x64
		{8119CB5C-332A-4863-90DD-817F31EF8E1B}.Debug|AnyCPU.ActiveCfg = Debug|x64
		{8119CB5C-332A-4863-90DD-817F31EF8E1B}.Debug|AnyCPU.Build.0 = Debug|x64
		{8119CB5C-332A-4863-90DD-817F31EF8E1B}.Debug|x64.ActiveCfg = Debug|x64
		{8119CB5C-332A-4863-90DD-817F31EF8E1B}.Debug|x64.Build.0 = Debug|x64
		{8119CB5C-332A-4863-90DD-817F31EF8E1B}.Release|AnyCPU.ActiveCfg = Release|x64
		{8119CB5C-332A-4863-90DD-817F31EF8E1B}.Release|AnyCPU.Build.0 = Release|x64
		{8119CB5C-332A-4863-90DD-817F31EF8E1B}.Release|x64.ActiveCfg = Release|x64
		{8119CB5C-332A-4863-90DD-817F31EF8E1B}.Release|x64.Build.0 = Release|x64
		{DDCB70DC-25EC-4FC0-BB61-4298DAC1C41F}.Debug|AnyCPU.ActiveCfg = Debug|x64
		{DDCB70DC-25EC-4FC0-BB61-4298DAC1C41F}.Debug|AnyCPU.Build.0 = Debug|x64
		{DDCB70DC-25EC-4FC0-BB61-4298DAC1C41F}.Debug|x64.ActiveCfg = Debug|x64
		{DDCB70DC-25EC-4FC0-BB61-4298DAC1C41F}.Debug|x64.Build.0 = Debug|x64
		{DDCB70DC-25EC-4FC0-BB61-4298DAC1C41F}.Release|AnyCPU.ActiveCfg = Release|x64
		{DDCB70DC-25EC-4FC0-BB61-4298DAC1C41F}.Release|AnyCPU.Build.0 = Release|x64
		{DDCB70DC-25EC-4FC0-BB61-4298DAC1C41F}.Release|x64.ActiveCfg = Release|x64
		{DDCB70DC-25EC-4FC0-BB61-4298DAC1C41F}.Release|x64.Build.0 = Release|x64
		{3FC6966F-056D-4971-96EC-CD0D61B83169}.Debug|AnyCPU.ActiveCfg = Debug|x64
		{3FC6966F-056D-4971-96EC-CD0D61B83169}.Debug|AnyCPU.Build.0 = Debug|x64
		{3FC6966F-056D-4971-96EC-CD0D61B83169}.Debug|x64.ActiveCfg = Debug|x64
		{3FC6966F-056D-4971-96EC-CD0D61B83169}.Debug|x64.Build.0 = Debug|x64
		{3FC6966F-056D-4971-96EC-CD0D61B83169}.Release|AnyCPU.ActiveCfg = Release|x64
		{3FC6966F-056D-4971-96EC-CD0D61B83169}.Release|AnyCPU.Build.0 = Release|x64
		{3FC6966F-056D-4971-96EC-CD0D61B83169}.Release|x64.ActiveCfg = Release|x64
		{3FC6966F-056D-4971-96EC-CD0D61B83169}.Release|x64.Build.0 = Release|x64
		{CF692C4A-4944-42A6-9030-648591A6F4F8}.Debug|AnyCPU.ActiveCfg = Debug|x64
		{CF692C4A-4944-42A6-9030-648591A6F4F8}.Debug|AnyCPU.Build.0 = Debug|x64
		{CF692C4A-4944-42A6-9030-648591A6F4F8}.Debug|x64.ActiveCfg = Debug|x64
		{CF692C4A-4944-42A6-9030-648591A6F4F8}.Debug|x64.Build.0 = Debug|x64
		{CF692C4A-4944-42A6-9030-648591A6F4F8}.Release|AnyCPU.ActiveCfg = Release|x64
		{CF692C4A-4944-42A6-9030-648591A6F4F8}.Release|AnyCPU.Build.0 = Release|x64
		{CF692C4A-4944-42A6-9030-648591A6F4F8}.Release|x64.ActiveCfg = Release|x64
		{CF692C4A-4944-42A6-9030-648591A6F4F8}.Release|x64.Build.0 = Release|x64
		{4198941E-9925-4CBA-9329-F5817EC8FE42}.Debug|AnyCPU.ActiveCfg = Debug|x64
		{4198941E-9925-4CBA-9329-F5817EC8FE42}.Debug|AnyCPU.Build.0 = Debug|x64
		{4198941E-9925-4CBA-9329-F5817EC8FE42}.Debug|x64.ActiveCfg = Debug|x64
		{4198941E-9925-4CBA-9329-F5817EC8FE42}.Debug|x64.Build.0 = Debug|x64
		{4198941E-9925-4CBA-9329-F5817EC8FE42}.Release|AnyCPU.ActiveCfg = Release|x64
		{4198941E-9925-4CBA-9329-F5817EC8FE42}.Release|AnyCPU.Build.0 = Release|x64
		{4198941E-9925-4CBA-9329-F5817EC8FE42}.Release|x64.ActiveCfg = Release|x64
		{4198941E-9925-4CBA-9329-F5817EC8FE42}.Release|x64.Build.0 = Release|x64
		{B557F308-21E5-4D5C-B4C2-985BA31C0D25}.Debug|AnyCPU.ActiveCfg = Debug|x64
		{B557F308-21E5-4D5C-B4C2-985BA31C0D25}.Debug|AnyCPU.Build.0 = Debug|x64
		{B557F308-21E5-4D5C-B4C2-985BA31C0D25}.Debug|x64.ActiveCfg = Debug|x64
		{B557F308-21E5-4D5C-B4C2-985BA31C0D25}.Debug|x64.Build.0 = Debug|x64
		{B557F308-21E5-4D5C-B4C2-985BA31C0D25}.Release|AnyCPU.ActiveCfg = Release|x64
		{B557F308-21E5-4D5C-B4C2-985BA31C0D25}.Release|AnyCPU.Build.0 = Release|x64
		{B557F308-21E5-4D5C-B4C2-985BA31C0D25}.Release|x64.ActiveCfg = Release|x64
		{B557F308-21E5-4D5C-B4C2-985BA31C0D25}.Release|x64.Build.0 = Release|x64
		{8F368E13-7E80-4876-8B1F-45A2A21F37B4}.Debug|AnyCPU.ActiveCfg = Debug|x64
		{8F368E13-7E80-4876-8B1F-45A2A21F37B4}.Debug|AnyCPU.Build.0 = Debug|x64
		{8F368E13-7E80-4876-8B1F-45A2A21F37B4}.Debug|x64.ActiveCfg = Debug|x64
		{8F368E13-7E80-4876-8B1F-45A2A21F37B4}.Debug|x64.Build.0 = Debug|x64
		{8F368E13-7E80-4876-8B1F-45A2A21F37B4}.Release|AnyCPU.ActiveCfg = Release|x64
		{8F368E13-7E80-4876-8B1F-45A2A21F37B4}.Release|AnyCPU.Build.0 = Release|x64
		{8F368E13-7E80-4876-8B1F-45A2A21F37B4}.Release|x64.ActiveCfg = Release|x64
		{8F368E13-7E80-4876-8B1F-45A2A21F37B4}.Release|x64.Build.0 = Release|x64
		{7C0493EC-C818-4A3F-B156-9CE54A859300}.Debug|AnyCPU.ActiveCfg = Debug|x64
		{7C0493EC-C818-4A3F-B156-9CE54A859300}.Debug|AnyCPU.Build.0 = Debug|x64
		{7C0493EC-C818-4A3F-B156-9CE54A859300}.Debug|x64.ActiveCfg = Debug|x64
		{7C0493EC-C818-4A3F-B156-9CE54A859300}.Debug|x64.Build.0 = Debug|x64
		{7C0493EC-C818-4A3F-B156-9CE54A859300}.Release|AnyCPU.ActiveCfg = Release|x64
		{7C0493EC-C818-4A3F-B156-9CE54A859300}.Release|AnyCPU.Build.0 = Release|x64
		{7C0493EC-C818-4A3F-B156-9CE54A859300}.Release|x64.ActiveCfg = Release|x64
		{7C0493EC-C818-4A3F-B156-9CE54A859300}.Release|x64.Build.0 = Release|x64
		{E5DA5952-4A12-4221-B302-3C83571DA0CE}.Debug|AnyCPU.ActiveCfg = Debug|x64
		{E5DA5952-4A12-4221-B302-3C83571DA0CE}.Debug|AnyCPU.Build.0 = Debug|x64
		{E5DA5952-4A12-4221-B302-3C83571DA0CE}.Debug|x64.ActiveCfg = Debug|x64
		{E5DA5952-4A12-4221-B302-3C83571DA0CE}.Debug|x64.Build.0 = Debug|x64
		{E5DA5952-4A12-4221-B302-3C83571DA0CE}.Release|AnyCPU.ActiveCfg = Release|x64
		{E5DA5952-4A12-4221-B302-3C83571DA0CE}.Release|AnyCPU.Build.0 = Release|x64
		{E5DA5952-4A12-4221-B302-3C83571DA0CE}.Release|x64.ActiveCfg = Release|x64
		{E5DA5952-4A12-4221-B302-3C83571DA0CE}.Release|x64.Build.0 = Release|x64
		{6E728D19-2837-49A6-945B-5D2004F39060}.Debug|AnyCPU.ActiveCfg = Debug|x64
		{6E728D19-2837-49A6-945B-5D2004F39060}.Debug|AnyCPU.Build.0 = Debug|x64
		{6E728D19-2837-49A6-945B-5D2004F39060}.Debug|x64.ActiveCfg = Debug|x64
		{6E728D19-2837-49A6-945B-5D2004F39060}.Debug|x64.Build.0 = Debug|x64
		{6E728D19-2837-49A6-945B-5D2004F39060}.Release|AnyCPU.ActiveCfg = Release|x64
		{6E728D19-2837-49A6-945B-5D2004F39060}.Release|AnyCPU.Build.0 = Release|x64
		{6E728D19-2837-49A6-945B-5D2004F39060}.Release|x64.ActiveCfg = Release|x64
		{6E728D19-2837-49A6-945B-5D2004F39060}.Release|x64.Build.0 = Release|x64
		{70C0500B-9BEE-41D4-BAE6-9FE3147C8879}.Debug|AnyCPU.ActiveCfg = Debug|x64
		{70C0500B-9BEE-41D4-BAE6-9FE3147C8879}.Debug|AnyCPU.Build.0 = Debug|x64
		{70C0500B-9BEE-41D4-BAE6-9FE3147C8879}.Debug|x64.ActiveCfg = Debug|x64
		{70C0500B-9BEE-41D4-BAE6-9FE3147C8879}.Debug|x64.Build.0 = Debug|x64
		{70C0500B-9BEE-41D4-BAE6-9FE3147C8879}.Release|AnyCPU.ActiveCfg = Release|x64
		{70C0500B-9BEE-41D4-BAE6-9FE3147C8879}.Release|AnyCPU.Build.0 = Release|x64
		{70C0500B-9BEE-41D4-BAE6-9FE3147C8879}.Release|x64.ActiveCfg = Release|x64
		{70C0500B-9BEE-41D4-BAE6-9FE3147C8879}.Release|x64.Build.0 = Release|x64
		{8D26398B-6849-42C5-ABD5-163B04016063}.Debug|AnyCPU.ActiveCfg = Debug|x64
		{8D26398B-6849-42C5-ABD5-163B04016063}.Debug|AnyCPU.Build.0 = Debug|x64
		{8D26398B-6849-42C5-ABD5-163B04016063}.Debug|x64.ActiveCfg = Debug|x64
		{8D26398B-6849-42C5-ABD5-163B04016063}.Debug|x64.Build.0 = Debug|x64
		{8D26398B-6849-42C5-ABD5-163B04016063}.Release|AnyCPU.ActiveCfg = Release|x64
		{8D26398B-6849-42C5-ABD5-163B04016063}.Release|AnyCPU.Build.0 = Release|x64
		{8D26398B-6849-42C5-ABD5-163B04016063}.Release|x64.ActiveCfg = Release|x64
		{8D26398B-6849-42C5-ABD5-163B04016063}.Release|x64.Build.0 = Release|x64
		{11CF3F5E-A9A8-400E-841A-12EF350AC1FF}.Debug|AnyCPU.ActiveCfg = Debug|x64
		{11CF3F5E-A9A8-400E-841A-12EF350AC1FF}.Debug|AnyCPU.Build.0 = Debug|x64
		{11CF3F5E-A9A8-400E-841A-12EF350AC1FF}.Debug|x64.ActiveCfg = Debug|x64
		{11CF3F5E-A9A8-400E-841A-12EF350AC1FF}.Debug|x64.Build.0 = Debug|x64
		{11CF3F5E-A9A8-400E-841A-12EF350AC1FF}.Release|AnyCPU.ActiveCfg = Release|x64
		{11CF3F5E-A9A8-400E-841A-12EF350AC1FF}.Release|AnyCPU.Build.0 = Release|x64
		{11CF3F5E-A9A8-400E-841A-12EF350AC1FF}.Release|x64.ActiveCfg = Release|x64
		{11CF3F5E-A9A8-400E-841A-12EF350AC1FF}.Release|x64.Build.0 = Release|x64
		{BE015BB4-02E6-4984-A2A2-4133256568EE}.Debug|AnyCPU.ActiveCfg = Debug|x64
		{BE015BB4-02E6-4984-A2A2-4133256568EE}.Debug|AnyCPU.Build.0 = Debug|x64
		{BE015BB4-02E6-4984-A2A2-4133256568EE}.Debug|x64.ActiveCfg = Debug|x64
		{BE015BB4-02E6-4984-A2A2-4133256568EE}.Debug|x64.Build.0 = Debug|x64
		{BE015BB4-02E6-4984-A2A2-4133256568EE}.Release|AnyCPU.ActiveCfg = Release|x64
		{BE015BB4-02E6-4984-A2A2-4133256568EE}.Release|AnyCPU.Build.0 = Release|x64
		{BE015BB4-02E6-4984-A2A2-4133256568EE}.Release|x64.ActiveCfg = Release|x64
		{BE015BB4-02E6-4984-A2A2-4133256568EE}.Release|x64.Build.0 = Release|x64
		{30584610-1819-400A-BD1D-AD8F2335B858}.Debug|AnyCPU.ActiveCfg = Debug|x64
		{30584610-1819-400A-BD1D-AD8F2335B858}.Debug|AnyCPU.Build.0 = Debug|x64
		{30584610-1819-400A-BD1D-AD8F2335B858}.Debug|x64.ActiveCfg = Debug|x64
		{30584610-1819-400A-BD1D-AD8F2335B858}.Debug|x64.Build.0 = Debug|x64
		{30584610-1819-400A-BD1D-AD8F2335B858}.Release|AnyCPU.ActiveCfg = Release|x64
		{30584610-1819-400A-BD1D-AD8F2335B858}.Release|AnyCPU.Build.0 = Release|x64
		{30584610-1819-400A-BD1D-AD8F2335B858}.Release|x64.ActiveCfg = Release|x64
		{30584610-1819-400A-BD1D-AD8F2335B858}.Release|x64.Build.0 = Release|x64
		{66B8FDA8-F578-4CF1-BF13-397A663D736A}.Debug|AnyCPU.ActiveCfg = Debug|x64
		{66B8FDA8-F578-4CF1-BF13-397A663D736A}.Debug|AnyCPU.Build.0 = Debug|x64
		{66B8FDA8-F578-4CF1-BF13-397A663D736A}.Debug|x64.ActiveCfg = Debug|x64
		{66B8FDA8-F578-4CF1-BF13-397A663D736A}.Debug|x64.Build.0 = Debug|x64
		{66B8FDA8-F578-4CF1-BF13-397A663D736A}.Release|AnyCPU.ActiveCfg = Release|x64
		{66B8FDA8-F578-4CF1-BF13-397A663D736A}.Release|AnyCPU.Build.0 = Release|x64
		{66B8FDA8-F578-4CF1-BF13-397A663D736A}.Release|x64.ActiveCfg = Release|x64
		{66B8FDA8-F578-4CF1-BF13-397A663D736A}.Release|x64.Build.0 = Release|x64
		{B4344199-8E16-4DCA-89CE-17CF3E412780}.Debug|AnyCPU.ActiveCfg = Debug|x64
		{B4344199-8E16-4DCA-89CE-17CF3E412780}.Debug|AnyCPU.Build.0 = Debug|x64
		{B4344199-8E16-4DCA-89CE-17CF3E412780}.Debug|x64.ActiveCfg = Debug|x64
		{B4344199-8E16-4DCA-89CE-17CF3E412780}.Debug|x64.Build.0 = Debug|x64
		{B4344199-8E16-4DCA-89CE-17CF3E412780}.Release|AnyCPU.ActiveCfg = Release|x64
		{B4344199-8E16-4DCA-89CE-17CF3E412780}.Release|AnyCPU.Build.0 = Release|x64
		{B4344199-8E16-4DCA-89CE-17CF3E412780}.Release|x64.ActiveCfg = Release|x64
		{B4344199-8E16-4DCA-89CE-17CF3E412780}.Release|x64.Build.0 = Release|x64
		{9F539461-5C32-47C7-8C44-D81EFD40C82A}.Debug|AnyCPU.ActiveCfg = Debug|AnyCPU
		{9F539461-5C32-47C7-8C44-D81EFD40C82A}.Debug|AnyCPU.Build.0 = Debug|AnyCPU
		{9F539461-5C32-47C7-8C44-D81EFD40C82A}.Debug|x64.ActiveCfg = Debug|x64
		{9F539461-5C32-47C7-8C44-D81EFD40C82A}.Debug|x64.Build.0 = Debug|x64
		{9F539461-5C32-47C7-8C44-D81EFD40C82A}.Release|AnyCPU.ActiveCfg = Release|AnyCPU
		{9F539461-5C32-47C7-8C44-D81EFD40C82A}.Release|AnyCPU.Build.0 = Release|AnyCPU
		{9F539461-5C32-47C7-8C44-D81EFD40C82A}.Release|x64.ActiveCfg = Release|x64
		{9F539461-5C32-47C7-8C44-D81EFD40C82A}.Release|x64.Build.0 = Release|x64
		{565B58C8-51EA-4761-AC78-5097F76978B8}.Debug|AnyCPU.ActiveCfg = Debug|x64
		{565B58C8-51EA-4761-AC78-5097F76978B8}.Debug|AnyCPU.Build.0 = Debug|x64
		{565B58C8-51EA-4761-AC78-5097F76978B8}.Debug|x64.ActiveCfg = Debug|x64
		{565B58C8-51EA-4761-AC78-5097F76978B8}.Debug|x64.Build.0 = Debug|x64
		{565B58C8-51EA-4761-AC78-5097F76978B8}.Release|AnyCPU.ActiveCfg = Release|x64
		{565B58C8-51EA-4761-AC78-5097F76978B8}.Release|AnyCPU.Build.0 = Release|x64
		{565B58C8-51EA-4761-AC78-5097F76978B8}.Release|x64.ActiveCfg = Release|x64
		{565B58C8-51EA-4761-AC78-5097F76978B8}.Release|x64.Build.0 = Release|x64
		{8DB1E7DB-2FD4-4E76-93F1-40711AFE7824}.Debug|AnyCPU.ActiveCfg = Debug|AnyCPU
		{8DB1E7DB-2FD4-4E76-93F1-40711AFE7824}.Debug|AnyCPU.Build.0 = Debug|AnyCPU
		{8DB1E7DB-2FD4-4E76-93F1-40711AFE7824}.Debug|x64.ActiveCfg = Debug|x64
		{8DB1E7DB-2FD4-4E76-93F1-40711AFE7824}.Debug|x64.Build.0 = Debug|x64
		{8DB1E7DB-2FD4-4E76-93F1-40711AFE7824}.Release|AnyCPU.ActiveCfg = Release|AnyCPU
		{8DB1E7DB-2FD4-4E76-93F1-40711AFE7824}.Release|AnyCPU.Build.0 = Release|AnyCPU
		{8DB1E7DB-2FD4-4E76-93F1-40711AFE7824}.Release|x64.ActiveCfg = Release|x64
		{8DB1E7DB-2FD4-4E76-93F1-40711AFE7824}.Release|x64.Build.0 = Release|x64
		{29FFF793-977A-4B92-ABDA-D2F6BC485B4C}.Debug|AnyCPU.ActiveCfg = Debug|x64
		{29FFF793-977A-4B92-ABDA-D2F6BC485B4C}.Debug|AnyCPU.Build.0 = Debug|x64
		{29FFF793-977A-4B92-ABDA-D2F6BC485B4C}.Debug|x64.ActiveCfg = Debug|x64
		{29FFF793-977A-4B92-ABDA-D2F6BC485B4C}.Debug|x64.Build.0 = Debug|x64
		{29FFF793-977A-4B92-ABDA-D2F6BC485B4C}.Release|AnyCPU.ActiveCfg = Release|x64
		{29FFF793-977A-4B92-ABDA-D2F6BC485B4C}.Release|AnyCPU.Build.0 = Release|x64
		{29FFF793-977A-4B92-ABDA-D2F6BC485B4C}.Release|x64.ActiveCfg = Release|x64
		{29FFF793-977A-4B92-ABDA-D2F6BC485B4C}.Release|x64.Build.0 = Release|x64
		{A54B3B79-8905-45F4-89FF-665F7AC7F065}.Debug|AnyCPU.ActiveCfg = Debug|x64
		{A54B3B79-8905-45F4-89FF-665F7AC7F065}.Debug|AnyCPU.Build.0 = Debug|x64
		{A54B3B79-8905-45F4-89FF-665F7AC7F065}.Debug|x64.ActiveCfg = Debug|x64
		{A54B3B79-8905-45F4-89FF-665F7AC7F065}.Debug|x64.Build.0 = Debug|x64
		{A54B3B79-8905-45F4-89FF-665F7AC7F065}.Release|AnyCPU.ActiveCfg = Release|x64
		{A54B3B79-8905-45F4-89FF-665F7AC7F065}.Release|AnyCPU.Build.0 = Release|x64
		{A54B3B79-8905-45F4-89FF-665F7AC7F065}.Release|x64.ActiveCfg = Release|x64
		{A54B3B79-8905-45F4-89FF-665F7AC7F065}.Release|x64.Build.0 = Release|x64
		{2B7BADB4-0F9F-4321-BF8E-898DABE8A4CC}.Debug|AnyCPU.ActiveCfg = Debug|x64
		{2B7BADB4-0F9F-4321-BF8E-898DABE8A4CC}.Debug|AnyCPU.Build.0 = Debug|x64
		{2B7BADB4-0F9F-4321-BF8E-898DABE8A4CC}.Debug|x64.ActiveCfg = Debug|x64
		{2B7BADB4-0F9F-4321-BF8E-898DABE8A4CC}.Debug|x64.Build.0 = Debug|x64
		{2B7BADB4-0F9F-4321-BF8E-898DABE8A4CC}.Release|AnyCPU.ActiveCfg = Release|x64
		{2B7BADB4-0F9F-4321-BF8E-898DABE8A4CC}.Release|AnyCPU.Build.0 = Release|x64
		{2B7BADB4-0F9F-4321-BF8E-898DABE8A4CC}.Release|x64.ActiveCfg = Release|x64
		{2B7BADB4-0F9F-4321-BF8E-898DABE8A4CC}.Release|x64.Build.0 = Release|x64
		{910C7F0C-4E73-417A-9C30-F16DAE19C08E}.Debug|AnyCPU.ActiveCfg = Debug|x64
		{910C7F0C-4E73-417A-9C30-F16DAE19C08E}.Debug|AnyCPU.Build.0 = Debug|x64
		{910C7F0C-4E73-417A-9C30-F16DAE19C08E}.Debug|x64.ActiveCfg = Debug|x64
		{910C7F0C-4E73-417A-9C30-F16DAE19C08E}.Debug|x64.Build.0 = Debug|x64
		{910C7F0C-4E73-417A-9C30-F16DAE19C08E}.Release|AnyCPU.ActiveCfg = Release|x64
		{910C7F0C-4E73-417A-9C30-F16DAE19C08E}.Release|AnyCPU.Build.0 = Release|x64
		{910C7F0C-4E73-417A-9C30-F16DAE19C08E}.Release|x64.ActiveCfg = Release|x64
		{910C7F0C-4E73-417A-9C30-F16DAE19C08E}.Release|x64.Build.0 = Release|x64
		{7B4857E5-AD90-43AE-A17C-B9D547FF7011}.Debug|AnyCPU.ActiveCfg = Debug|x64
		{7B4857E5-AD90-43AE-A17C-B9D547FF7011}.Debug|AnyCPU.Build.0 = Debug|x64
		{7B4857E5-AD90-43AE-A17C-B9D547FF7011}.Debug|x64.ActiveCfg = Debug|x64
		{7B4857E5-AD90-43AE-A17C-B9D547FF7011}.Debug|x64.Build.0 = Debug|x64
		{7B4857E5-AD90-43AE-A17C-B9D547FF7011}.Release|AnyCPU.ActiveCfg = Release|x64
		{7B4857E5-AD90-43AE-A17C-B9D547FF7011}.Release|AnyCPU.Build.0 = Release|x64
		{7B4857E5-AD90-43AE-A17C-B9D547FF7011}.Release|x64.ActiveCfg = Release|x64
		{7B4857E5-AD90-43AE-A17C-B9D547FF7011}.Release|x64.Build.0 = Release|x64
		{9ABF8E96-2E3F-4EEE-A784-975E81FDAF8A}.Debug|AnyCPU.ActiveCfg = Debug|x64
		{9ABF8E96-2E3F-4EEE-A784-975E81FDAF8A}.Debug|AnyCPU.Build.0 = Debug|x64
		{9ABF8E96-2E3F-4EEE-A784-975E81FDAF8A}.Debug|x64.ActiveCfg = Debug|x64
		{9ABF8E96-2E3F-4EEE-A784-975E81FDAF8A}.Debug|x64.Build.0 = Debug|x64
		{9ABF8E96-2E3F-4EEE-A784-975E81FDAF8A}.Release|AnyCPU.ActiveCfg = Release|x64
		{9ABF8E96-2E3F-4EEE-A784-975E81FDAF8A}.Release|AnyCPU.Build.0 = Release|x64
		{9ABF8E96-2E3F-4EEE-A784-975E81FDAF8A}.Release|x64.ActiveCfg = Release|x64
		{9ABF8E96-2E3F-4EEE-A784-975E81FDAF8A}.Release|x64.Build.0 = Release|x64
		{7106F3DC-DDED-4D12-ADDE-24B0C5F2D3F0}.Debug|AnyCPU.ActiveCfg = Debug|x64
		{7106F3DC-DDED-4D12-ADDE-24B0C5F2D3F0}.Debug|AnyCPU.Build.0 = Debug|x64
		{7106F3DC-DDED-4D12-ADDE-24B0C5F2D3F0}.Debug|x64.ActiveCfg = Debug|x64
		{7106F3DC-DDED-4D12-ADDE-24B0C5F2D3F0}.Debug|x64.Build.0 = Debug|x64
		{7106F3DC-DDED-4D12-ADDE-24B0C5F2D3F0}.Release|AnyCPU.ActiveCfg = Release|x64
		{7106F3DC-DDED-4D12-ADDE-24B0C5F2D3F0}.Release|AnyCPU.Build.0 = Release|x64
		{7106F3DC-DDED-4D12-ADDE-24B0C5F2D3F0}.Release|x64.ActiveCfg = Release|x64
		{7106F3DC-DDED-4D12-ADDE-24B0C5F2D3F0}.Release|x64.Build.0 = Release|x64
		{F8AFFE5C-F4F7-A925-5C3E-CC2B0DD1DB9D}.Debug|AnyCPU.ActiveCfg = Debug|Any CPU
		{F8AFFE5C-F4F7-A925-5C3E-CC2B0DD1DB9D}.Debug|AnyCPU.Build.0 = Debug|Any CPU
		{F8AFFE5C-F4F7-A925-5C3E-CC2B0DD1DB9D}.Debug|x64.ActiveCfg = Debug|x64
		{F8AFFE5C-F4F7-A925-5C3E-CC2B0DD1DB9D}.Debug|x64.Build.0 = Debug|x64
		{F8AFFE5C-F4F7-A925-5C3E-CC2B0DD1DB9D}.Release|AnyCPU.ActiveCfg = Release|Any CPU
		{F8AFFE5C-F4F7-A925-5C3E-CC2B0DD1DB9D}.Release|AnyCPU.Build.0 = Release|Any CPU
		{F8AFFE5C-F4F7-A925-5C3E-CC2B0DD1DB9D}.Release|x64.ActiveCfg = Release|x64
		{F8AFFE5C-F4F7-A925-5C3E-CC2B0DD1DB9D}.Release|x64.Build.0 = Release|x64
	EndGlobalSection
	GlobalSection(SolutionProperties) = preSolution
		HideSolutionNode = FALSE
	EndGlobalSection
	GlobalSection(ExtensibilityGlobals) = postSolution
		SolutionGuid = {F4A2FE6F-A9BC-428E-8317-EFF0A08EB0EB}
	EndGlobalSection
EndGlobal
